// !$*UTF8*$!
{
	archiveVersion = 1;
	classes = {
	};
	objectVersion = 55;
	objects = {

/* Begin PBXBuildFile section */
		3003E98C286A2ECB00A7E13B /* CategoryItem.swift in Sources */ = {isa = PBXBuildFile; fileRef = 3003E98B286A2ECB00A7E13B /* CategoryItem.swift */; };
		30079B63284D2DAA000CBD3B /* suitutoApp.swift in Sources */ = {isa = PBXBuildFile; fileRef = 30079B62284D2DAA000CBD3B /* suitutoApp.swift */; };
		30079B65284D2DAA000CBD3B /* ContentView.swift in Sources */ = {isa = PBXBuildFile; fileRef = 30079B64284D2DAA000CBD3B /* ContentView.swift */; };
		30079B67284D2DB0000CBD3B /* Assets.xcassets in Resources */ = {isa = PBXBuildFile; fileRef = 30079B66284D2DB0000CBD3B /* Assets.xcassets */; };
		30079B6A284D2DB0000CBD3B /* Preview Assets.xcassets in Resources */ = {isa = PBXBuildFile; fileRef = 30079B69284D2DB0000CBD3B /* Preview Assets.xcassets */; };
		30079B74284D2DB1000CBD3B /* suitutoTests.swift in Sources */ = {isa = PBXBuildFile; fileRef = 30079B73284D2DB1000CBD3B /* suitutoTests.swift */; };
		30079B7E284D2DB1000CBD3B /* suitutoUITests.swift in Sources */ = {isa = PBXBuildFile; fileRef = 30079B7D284D2DB1000CBD3B /* suitutoUITests.swift */; };
		30079B80284D2DB1000CBD3B /* suitutoUITestsLaunchTests.swift in Sources */ = {isa = PBXBuildFile; fileRef = 30079B7F284D2DB1000CBD3B /* suitutoUITestsLaunchTests.swift */; };
		3016B4F72860F7A50000F203 /* landmarkData.json in Resources */ = {isa = PBXBuildFile; fileRef = 3016B4F62860F7A50000F203 /* landmarkData.json */; };
		3016B4FA2860F7ED0000F203 /* Landmark.swift in Sources */ = {isa = PBXBuildFile; fileRef = 3016B4F92860F7ED0000F203 /* Landmark.swift */; };
		3016B4FC2860FA130000F203 /* ModelData.swift in Sources */ = {isa = PBXBuildFile; fileRef = 3016B4FB2860FA130000F203 /* ModelData.swift */; };
		3016B4FF286103FE0000F203 /* LandmarkRow.swift in Sources */ = {isa = PBXBuildFile; fileRef = 3016B4FE286103FE0000F203 /* LandmarkRow.swift */; };
		3016B501286106980000F203 /* LandmarkList.swift in Sources */ = {isa = PBXBuildFile; fileRef = 3016B500286106980000F203 /* LandmarkList.swift */; };
		3016B50428610A970000F203 /* DetailView.swift in Sources */ = {isa = PBXBuildFile; fileRef = 3016B50328610A970000F203 /* DetailView.swift */; };
		3016B50628623CEB0000F203 /* FavoriteButton.swift in Sources */ = {isa = PBXBuildFile; fileRef = 3016B50528623CEB0000F203 /* FavoriteButton.swift */; };
		301F47E0284D3AF000427E0C /* CircleImage.swift in Sources */ = {isa = PBXBuildFile; fileRef = 301F47DF284D3AF000427E0C /* CircleImage.swift */; };
		301F47E2284D3F0B00427E0C /* MapView.swift in Sources */ = {isa = PBXBuildFile; fileRef = 301F47E1284D3F0B00427E0C /* MapView.swift */; };
		30330931286398AE002A28F8 /* HexagonParameters.swift in Sources */ = {isa = PBXBuildFile; fileRef = 30330930286398AD002A28F8 /* HexagonParameters.swift */; };
		303309332863996F002A28F8 /* BadgeBackground.swift in Sources */ = {isa = PBXBuildFile; fileRef = 303309322863996E002A28F8 /* BadgeBackground.swift */; };
		3033093528639DDC002A28F8 /* BadgeSymbol.swift in Sources */ = {isa = PBXBuildFile; fileRef = 3033093428639DDC002A28F8 /* BadgeSymbol.swift */; };
		303309372863A06C002A28F8 /* Badge.swift in Sources */ = {isa = PBXBuildFile; fileRef = 303309362863A06C002A28F8 /* Badge.swift */; };
		303309392864D7AF002A28F8 /* hikeData.json in Resources */ = {isa = PBXBuildFile; fileRef = 303309382864D7AF002A28F8 /* hikeData.json */; };
		3033093B2864D7D3002A28F8 /* Hike.swift in Sources */ = {isa = PBXBuildFile; fileRef = 3033093A2864D7D3002A28F8 /* Hike.swift */; };
		303309412864D984002A28F8 /* GraphCapsule.swift in Sources */ = {isa = PBXBuildFile; fileRef = 3033093D2864D984002A28F8 /* GraphCapsule.swift */; };
		303309422864D984002A28F8 /* HikeGraph.swift in Sources */ = {isa = PBXBuildFile; fileRef = 3033093E2864D984002A28F8 /* HikeGraph.swift */; };
		303309432864D984002A28F8 /* HikeDetail.swift in Sources */ = {isa = PBXBuildFile; fileRef = 3033093F2864D984002A28F8 /* HikeDetail.swift */; };
		303309442864D984002A28F8 /* HikeView.swift in Sources */ = {isa = PBXBuildFile; fileRef = 303309402864D984002A28F8 /* HikeView.swift */; };
		308BBE0F286649BE00AC2EEE /* CategoryHome.swift in Sources */ = {isa = PBXBuildFile; fileRef = 308BBE0E286649BE00AC2EEE /* CategoryHome.swift */; };
		308BBE112866506000AC2EEE /* CategoryRow.swift in Sources */ = {isa = PBXBuildFile; fileRef = 308BBE102866506000AC2EEE /* CategoryRow.swift */; };
/* End PBXBuildFile section */

/* Begin PBXContainerItemProxy section */
		30079B70284D2DB1000CBD3B /* PBXContainerItemProxy */ = {
			isa = PBXContainerItemProxy;
			containerPortal = 30079B57284D2DAA000CBD3B /* Project object */;
			proxyType = 1;
			remoteGlobalIDString = 30079B5E284D2DAA000CBD3B;
			remoteInfo = suituto;
		};
		30079B7A284D2DB1000CBD3B /* PBXContainerItemProxy */ = {
			isa = PBXContainerItemProxy;
			containerPortal = 30079B57284D2DAA000CBD3B /* Project object */;
			proxyType = 1;
			remoteGlobalIDString = 30079B5E284D2DAA000CBD3B;
			remoteInfo = suituto;
		};
/* End PBXContainerItemProxy section */

/* Begin PBXFileReference section */
		3003E98B286A2ECB00A7E13B /* CategoryItem.swift */ = {isa = PBXFileReference; lastKnownFileType = sourcecode.swift; path = CategoryItem.swift; sourceTree = "<group>"; };
		30079B5F284D2DAA000CBD3B /* suituto.app */ = {isa = PBXFileReference; explicitFileType = wrapper.application; includeInIndex = 0; path = suituto.app; sourceTree = BUILT_PRODUCTS_DIR; };
		30079B62284D2DAA000CBD3B /* suitutoApp.swift */ = {isa = PBXFileReference; lastKnownFileType = sourcecode.swift; path = suitutoApp.swift; sourceTree = "<group>"; };
		30079B64284D2DAA000CBD3B /* ContentView.swift */ = {isa = PBXFileReference; lastKnownFileType = sourcecode.swift; path = ContentView.swift; sourceTree = "<group>"; };
		30079B66284D2DB0000CBD3B /* Assets.xcassets */ = {isa = PBXFileReference; lastKnownFileType = folder.assetcatalog; path = Assets.xcassets; sourceTree = "<group>"; };
		30079B69284D2DB0000CBD3B /* Preview Assets.xcassets */ = {isa = PBXFileReference; lastKnownFileType = folder.assetcatalog; path = "Preview Assets.xcassets"; sourceTree = "<group>"; };
		30079B6F284D2DB1000CBD3B /* suitutoTests.xctest */ = {isa = PBXFileReference; explicitFileType = wrapper.cfbundle; includeInIndex = 0; path = suitutoTests.xctest; sourceTree = BUILT_PRODUCTS_DIR; };
		30079B73284D2DB1000CBD3B /* suitutoTests.swift */ = {isa = PBXFileReference; lastKnownFileType = sourcecode.swift; path = suitutoTests.swift; sourceTree = "<group>"; };
		30079B79284D2DB1000CBD3B /* suitutoUITests.xctest */ = {isa = PBXFileReference; explicitFileType = wrapper.cfbundle; includeInIndex = 0; path = suitutoUITests.xctest; sourceTree = BUILT_PRODUCTS_DIR; };
		30079B7D284D2DB1000CBD3B /* suitutoUITests.swift */ = {isa = PBXFileReference; lastKnownFileType = sourcecode.swift; path = suitutoUITests.swift; sourceTree = "<group>"; };
		30079B7F284D2DB1000CBD3B /* suitutoUITestsLaunchTests.swift */ = {isa = PBXFileReference; lastKnownFileType = sourcecode.swift; path = suitutoUITestsLaunchTests.swift; sourceTree = "<group>"; };
		3016B4F62860F7A50000F203 /* landmarkData.json */ = {isa = PBXFileReference; fileEncoding = 4; lastKnownFileType = text.json; path = landmarkData.json; sourceTree = "<group>"; };
		3016B4F92860F7ED0000F203 /* Landmark.swift */ = {isa = PBXFileReference; lastKnownFileType = sourcecode.swift; path = Landmark.swift; sourceTree = "<group>"; };
		3016B4FB2860FA130000F203 /* ModelData.swift */ = {isa = PBXFileReference; lastKnownFileType = sourcecode.swift; path = ModelData.swift; sourceTree = "<group>"; };
		3016B4FE286103FE0000F203 /* LandmarkRow.swift */ = {isa = PBXFileReference; lastKnownFileType = sourcecode.swift; path = LandmarkRow.swift; sourceTree = "<group>"; };
		3016B500286106980000F203 /* LandmarkList.swift */ = {isa = PBXFileReference; lastKnownFileType = sourcecode.swift; path = LandmarkList.swift; sourceTree = "<group>"; };
		3016B50328610A970000F203 /* DetailView.swift */ = {isa = PBXFileReference; lastKnownFileType = sourcecode.swift; path = DetailView.swift; sourceTree = "<group>"; };
		3016B50528623CEB0000F203 /* FavoriteButton.swift */ = {isa = PBXFileReference; lastKnownFileType = sourcecode.swift; path = FavoriteButton.swift; sourceTree = "<group>"; };
		301F47DF284D3AF000427E0C /* CircleImage.swift */ = {isa = PBXFileReference; lastKnownFileType = sourcecode.swift; path = CircleImage.swift; sourceTree = "<group>"; };
		301F47E1284D3F0B00427E0C /* MapView.swift */ = {isa = PBXFileReference; lastKnownFileType = sourcecode.swift; path = MapView.swift; sourceTree = "<group>"; };
		30330930286398AD002A28F8 /* HexagonParameters.swift */ = {isa = PBXFileReference; lastKnownFileType = sourcecode.swift; name = HexagonParameters.swift; path = suituto/Resources/HexagonParameters.swift; sourceTree = SOURCE_ROOT; };
		303309322863996E002A28F8 /* BadgeBackground.swift */ = {isa = PBXFileReference; lastKnownFileType = sourcecode.swift; path = BadgeBackground.swift; sourceTree = "<group>"; };
		3033093428639DDC002A28F8 /* BadgeSymbol.swift */ = {isa = PBXFileReference; lastKnownFileType = sourcecode.swift; path = BadgeSymbol.swift; sourceTree = "<group>"; };
		303309362863A06C002A28F8 /* Badge.swift */ = {isa = PBXFileReference; lastKnownFileType = sourcecode.swift; path = Badge.swift; sourceTree = "<group>"; };
		303309382864D7AF002A28F8 /* hikeData.json */ = {isa = PBXFileReference; fileEncoding = 4; lastKnownFileType = text.json; path = hikeData.json; sourceTree = "<group>"; };
		3033093A2864D7D3002A28F8 /* Hike.swift */ = {isa = PBXFileReference; lastKnownFileType = sourcecode.swift; path = Hike.swift; sourceTree = "<group>"; };
		3033093D2864D984002A28F8 /* GraphCapsule.swift */ = {isa = PBXFileReference; fileEncoding = 4; lastKnownFileType = sourcecode.swift; path = GraphCapsule.swift; sourceTree = "<group>"; };
		3033093E2864D984002A28F8 /* HikeGraph.swift */ = {isa = PBXFileReference; fileEncoding = 4; lastKnownFileType = sourcecode.swift; path = HikeGraph.swift; sourceTree = "<group>"; };
		3033093F2864D984002A28F8 /* HikeDetail.swift */ = {isa = PBXFileReference; fileEncoding = 4; lastKnownFileType = sourcecode.swift; path = HikeDetail.swift; sourceTree = "<group>"; };
		303309402864D984002A28F8 /* HikeView.swift */ = {isa = PBXFileReference; fileEncoding = 4; lastKnownFileType = sourcecode.swift; path = HikeView.swift; sourceTree = "<group>"; };
		308BBE0E286649BE00AC2EEE /* CategoryHome.swift */ = {isa = PBXFileReference; lastKnownFileType = sourcecode.swift; path = CategoryHome.swift; sourceTree = "<group>"; };
		308BBE102866506000AC2EEE /* CategoryRow.swift */ = {isa = PBXFileReference; lastKnownFileType = sourcecode.swift; path = CategoryRow.swift; sourceTree = "<group>"; };
/* End PBXFileReference section */

/* Begin PBXFrameworksBuildPhase section */
		30079B5C284D2DAA000CBD3B /* Frameworks */ = {
			isa = PBXFrameworksBuildPhase;
			buildActionMask = 2147483647;
			files = (
			);
			runOnlyForDeploymentPostprocessing = 0;
		};
		30079B6C284D2DB1000CBD3B /* Frameworks */ = {
			isa = PBXFrameworksBuildPhase;
			buildActionMask = 2147483647;
			files = (
			);
			runOnlyForDeploymentPostprocessing = 0;
		};
		30079B76284D2DB1000CBD3B /* Frameworks */ = {
			isa = PBXFrameworksBuildPhase;
			buildActionMask = 2147483647;
			files = (
			);
			runOnlyForDeploymentPostprocessing = 0;
		};
/* End PBXFrameworksBuildPhase section */

/* Begin PBXGroup section */
		30079B56284D2DAA000CBD3B = {
			isa = PBXGroup;
			children = (
				30079B61284D2DAA000CBD3B /* suituto */,
				30079B72284D2DB1000CBD3B /* suitutoTests */,
				30079B7C284D2DB1000CBD3B /* suitutoUITests */,
				30079B60284D2DAA000CBD3B /* Products */,
			);
			sourceTree = "<group>";
		};
		30079B60284D2DAA000CBD3B /* Products */ = {
			isa = PBXGroup;
			children = (
				30079B5F284D2DAA000CBD3B /* suituto.app */,
				30079B6F284D2DB1000CBD3B /* suitutoTests.xctest */,
				30079B79284D2DB1000CBD3B /* suitutoUITests.xctest */,
			);
			name = Products;
			sourceTree = "<group>";
		};
		30079B61284D2DAA000CBD3B /* suituto */ = {
			isa = PBXGroup;
			children = (
				30079B62284D2DAA000CBD3B /* suitutoApp.swift */,
				3016B502286109720000F203 /* Modules */,
				3016B4FD2860FC660000F203 /* Resources */,
				3016B4F82860F7DF0000F203 /* Model */,
				301F47DE284D3AD900427E0C /* Components */,
				30079B66284D2DB0000CBD3B /* Assets.xcassets */,
				30079B68284D2DB0000CBD3B /* Preview Content */,
			);
			path = suituto;
			sourceTree = "<group>";
		};
		30079B68284D2DB0000CBD3B /* Preview Content */ = {
			isa = PBXGroup;
			children = (
				30079B69284D2DB0000CBD3B /* Preview Assets.xcassets */,
			);
			path = "Preview Content";
			sourceTree = "<group>";
		};
		30079B72284D2DB1000CBD3B /* suitutoTests */ = {
			isa = PBXGroup;
			children = (
				30079B73284D2DB1000CBD3B /* suitutoTests.swift */,
			);
			path = suitutoTests;
			sourceTree = "<group>";
		};
		30079B7C284D2DB1000CBD3B /* suitutoUITests */ = {
			isa = PBXGroup;
			children = (
				30079B7D284D2DB1000CBD3B /* suitutoUITests.swift */,
				30079B7F284D2DB1000CBD3B /* suitutoUITestsLaunchTests.swift */,
			);
			path = suitutoUITests;
			sourceTree = "<group>";
		};
		3016B4F82860F7DF0000F203 /* Model */ = {
			isa = PBXGroup;
			children = (
				3033093C2864D984002A28F8 /* Hikes */,
				3016B4F92860F7ED0000F203 /* Landmark.swift */,
				3016B4FB2860FA130000F203 /* ModelData.swift */,
				3033093A2864D7D3002A28F8 /* Hike.swift */,
			);
			path = Model;
			sourceTree = "<group>";
		};
		3016B4FD2860FC660000F203 /* Resources */ = {
			isa = PBXGroup;
			children = (
				303309382864D7AF002A28F8 /* hikeData.json */,
				3016B4F62860F7A50000F203 /* landmarkData.json */,
			);
			path = Resources;
			sourceTree = "<group>";
		};
		3016B502286109720000F203 /* Modules */ = {
			isa = PBXGroup;
			children = (
				30079B64284D2DAA000CBD3B /* ContentView.swift */,
				308BBE0E286649BE00AC2EEE /* CategoryHome.swift */,
				3016B50328610A970000F203 /* DetailView.swift */,
			);
			path = Modules;
			sourceTree = "<group>";
		};
		301F47DE284D3AD900427E0C /* Components */ = {
			isa = PBXGroup;
			children = (
				301F47DF284D3AF000427E0C /* CircleImage.swift */,
				3033093428639DDC002A28F8 /* BadgeSymbol.swift */,
				303309362863A06C002A28F8 /* Badge.swift */,
				3016B50528623CEB0000F203 /* FavoriteButton.swift */,
				3016B4FE286103FE0000F203 /* LandmarkRow.swift */,
				3016B500286106980000F203 /* LandmarkList.swift */,
				30330930286398AD002A28F8 /* HexagonParameters.swift */,
				303309322863996E002A28F8 /* BadgeBackground.swift */,
				301F47E1284D3F0B00427E0C /* MapView.swift */,
				308BBE102866506000AC2EEE /* CategoryRow.swift */,
				3003E98B286A2ECB00A7E13B /* CategoryItem.swift */,
			);
			path = Components;
			sourceTree = "<group>";
		};
		3033093C2864D984002A28F8 /* Hikes */ = {
			isa = PBXGroup;
			children = (
				3033093D2864D984002A28F8 /* GraphCapsule.swift */,
				3033093E2864D984002A28F8 /* HikeGraph.swift */,
				3033093F2864D984002A28F8 /* HikeDetail.swift */,
				303309402864D984002A28F8 /* HikeView.swift */,
			);
			path = Hikes;
			sourceTree = "<group>";
		};
/* End PBXGroup section */

/* Begin PBXNativeTarget section */
		30079B5E284D2DAA000CBD3B /* suituto */ = {
			isa = PBXNativeTarget;
			buildConfigurationList = 30079B83284D2DB1000CBD3B /* Build configuration list for PBXNativeTarget "suituto" */;
			buildPhases = (
				30079B5B284D2DAA000CBD3B /* Sources */,
				30079B5C284D2DAA000CBD3B /* Frameworks */,
				30079B5D284D2DAA000CBD3B /* Resources */,
			);
			buildRules = (
			);
			dependencies = (
			);
			name = suituto;
			productName = suituto;
			productReference = 30079B5F284D2DAA000CBD3B /* suituto.app */;
			productType = "com.apple.product-type.application";
		};
		30079B6E284D2DB1000CBD3B /* suitutoTests */ = {
			isa = PBXNativeTarget;
			buildConfigurationList = 30079B86284D2DB1000CBD3B /* Build configuration list for PBXNativeTarget "suitutoTests" */;
			buildPhases = (
				30079B6B284D2DB1000CBD3B /* Sources */,
				30079B6C284D2DB1000CBD3B /* Frameworks */,
				30079B6D284D2DB1000CBD3B /* Resources */,
			);
			buildRules = (
			);
			dependencies = (
				30079B71284D2DB1000CBD3B /* PBXTargetDependency */,
			);
			name = suitutoTests;
			productName = suitutoTests;
			productReference = 30079B6F284D2DB1000CBD3B /* suitutoTests.xctest */;
			productType = "com.apple.product-type.bundle.unit-test";
		};
		30079B78284D2DB1000CBD3B /* suitutoUITests */ = {
			isa = PBXNativeTarget;
			buildConfigurationList = 30079B89284D2DB1000CBD3B /* Build configuration list for PBXNativeTarget "suitutoUITests" */;
			buildPhases = (
				30079B75284D2DB1000CBD3B /* Sources */,
				30079B76284D2DB1000CBD3B /* Frameworks */,
				30079B77284D2DB1000CBD3B /* Resources */,
			);
			buildRules = (
			);
			dependencies = (
				30079B7B284D2DB1000CBD3B /* PBXTargetDependency */,
			);
			name = suitutoUITests;
			productName = suitutoUITests;
			productReference = 30079B79284D2DB1000CBD3B /* suitutoUITests.xctest */;
			productType = "com.apple.product-type.bundle.ui-testing";
		};
/* End PBXNativeTarget section */

/* Begin PBXProject section */
		30079B57284D2DAA000CBD3B /* Project object */ = {
			isa = PBXProject;
			attributes = {
				BuildIndependentTargetsInParallel = 1;
				LastSwiftUpdateCheck = 1320;
				LastUpgradeCheck = 1320;
				TargetAttributes = {
					30079B5E284D2DAA000CBD3B = {
						CreatedOnToolsVersion = 13.2.1;
					};
					30079B6E284D2DB1000CBD3B = {
						CreatedOnToolsVersion = 13.2.1;
						TestTargetID = 30079B5E284D2DAA000CBD3B;
					};
					30079B78284D2DB1000CBD3B = {
						CreatedOnToolsVersion = 13.2.1;
						TestTargetID = 30079B5E284D2DAA000CBD3B;
					};
				};
			};
			buildConfigurationList = 30079B5A284D2DAA000CBD3B /* Build configuration list for PBXProject "suituto" */;
			compatibilityVersion = "Xcode 13.0";
			developmentRegion = en;
			hasScannedForEncodings = 0;
			knownRegions = (
				en,
				Base,
			);
			mainGroup = 30079B56284D2DAA000CBD3B;
			productRefGroup = 30079B60284D2DAA000CBD3B /* Products */;
			projectDirPath = "";
			projectRoot = "";
			targets = (
				30079B5E284D2DAA000CBD3B /* suituto */,
				30079B6E284D2DB1000CBD3B /* suitutoTests */,
				30079B78284D2DB1000CBD3B /* suitutoUITests */,
			);
		};
/* End PBXProject section */

/* Begin PBXResourcesBuildPhase section */
		30079B5D284D2DAA000CBD3B /* Resources */ = {
			isa = PBXResourcesBuildPhase;
			buildActionMask = 2147483647;
			files = (
				303309392864D7AF002A28F8 /* hikeData.json in Resources */,
				30079B6A284D2DB0000CBD3B /* Preview Assets.xcassets in Resources */,
				30079B67284D2DB0000CBD3B /* Assets.xcassets in Resources */,
				3016B4F72860F7A50000F203 /* landmarkData.json in Resources */,
			);
			runOnlyForDeploymentPostprocessing = 0;
		};
		30079B6D284D2DB1000CBD3B /* Resources */ = {
			isa = PBXResourcesBuildPhase;
			buildActionMask = 2147483647;
			files = (
			);
			runOnlyForDeploymentPostprocessing = 0;
		};
		30079B77284D2DB1000CBD3B /* Resources */ = {
			isa = PBXResourcesBuildPhase;
			buildActionMask = 2147483647;
			files = (
			);
			runOnlyForDeploymentPostprocessing = 0;
		};
/* End PBXResourcesBuildPhase section */

/* Begin PBXSourcesBuildPhase section */
		30079B5B284D2DAA000CBD3B /* Sources */ = {
			isa = PBXSourcesBuildPhase;
			buildActionMask = 2147483647;
			files = (
				3033093B2864D7D3002A28F8 /* Hike.swift in Sources */,
				30079B65284D2DAA000CBD3B /* ContentView.swift in Sources */,
				3016B50428610A970000F203 /* DetailView.swift in Sources */,
				301F47E2284D3F0B00427E0C /* MapView.swift in Sources */,
				308BBE112866506000AC2EEE /* CategoryRow.swift in Sources */,
				308BBE0F286649BE00AC2EEE /* CategoryHome.swift in Sources */,
				303309442864D984002A28F8 /* HikeView.swift in Sources */,
				3016B50628623CEB0000F203 /* FavoriteButton.swift in Sources */,
				30330931286398AE002A28F8 /* HexagonParameters.swift in Sources */,
				3033093528639DDC002A28F8 /* BadgeSymbol.swift in Sources */,
				30079B63284D2DAA000CBD3B /* suitutoApp.swift in Sources */,
				303309372863A06C002A28F8 /* Badge.swift in Sources */,
				3016B501286106980000F203 /* LandmarkList.swift in Sources */,
				303309332863996F002A28F8 /* BadgeBackground.swift in Sources */,
				303309432864D984002A28F8 /* HikeDetail.swift in Sources */,
				301F47E0284D3AF000427E0C /* CircleImage.swift in Sources */,
				303309412864D984002A28F8 /* GraphCapsule.swift in Sources */,
				3016B4FA2860F7ED0000F203 /* Landmark.swift in Sources */,
				3016B4FF286103FE0000F203 /* LandmarkRow.swift in Sources */,
				3016B4FC2860FA130000F203 /* ModelData.swift in Sources */,
				3003E98C286A2ECB00A7E13B /* CategoryItem.swift in Sources */,
				303309422864D984002A28F8 /* HikeGraph.swift in Sources */,
			);
			runOnlyForDeploymentPostprocessing = 0;
		};
		30079B6B284D2DB1000CBD3B /* Sources */ = {
			isa = PBXSourcesBuildPhase;
			buildActionMask = 2147483647;
			files = (
				30079B74284D2DB1000CBD3B /* suitutoTests.swift in Sources */,
			);
			runOnlyForDeploymentPostprocessing = 0;
		};
		30079B75284D2DB1000CBD3B /* Sources */ = {
			isa = PBXSourcesBuildPhase;
			buildActionMask = 2147483647;
			files = (
				30079B80284D2DB1000CBD3B /* suitutoUITestsLaunchTests.swift in Sources */,
				30079B7E284D2DB1000CBD3B /* suitutoUITests.swift in Sources */,
			);
			runOnlyForDeploymentPostprocessing = 0;
		};
/* End PBXSourcesBuildPhase section */

/* Begin PBXTargetDependency section */
		30079B71284D2DB1000CBD3B /* PBXTargetDependency */ = {
			isa = PBXTargetDependency;
			target = 30079B5E284D2DAA000CBD3B /* suituto */;
			targetProxy = 30079B70284D2DB1000CBD3B /* PBXContainerItemProxy */;
		};
		30079B7B284D2DB1000CBD3B /* PBXTargetDependency */ = {
			isa = PBXTargetDependency;
			target = 30079B5E284D2DAA000CBD3B /* suituto */;
			targetProxy = 30079B7A284D2DB1000CBD3B /* PBXContainerItemProxy */;
		};
/* End PBXTargetDependency section */

/* Begin XCBuildConfiguration section */
		30079B81284D2DB1000CBD3B /* Debug */ = {
			isa = XCBuildConfiguration;
			buildSettings = {
				ALWAYS_SEARCH_USER_PATHS = NO;
				CLANG_ANALYZER_NONNULL = YES;
				CLANG_ANALYZER_NUMBER_OBJECT_CONVERSION = YES_AGGRESSIVE;
				CLANG_CXX_LANGUAGE_STANDARD = "gnu++17";
				CLANG_CXX_LIBRARY = "libc++";
				CLANG_ENABLE_MODULES = YES;
				CLANG_ENABLE_OBJC_ARC = YES;
				CLANG_ENABLE_OBJC_WEAK = YES;
				CLANG_WARN_BLOCK_CAPTURE_AUTORELEASING = YES;
				CLANG_WARN_BOOL_CONVERSION = YES;
				CLANG_WARN_COMMA = YES;
				CLANG_WARN_CONSTANT_CONVERSION = YES;
				CLANG_WARN_DEPRECATED_OBJC_IMPLEMENTATIONS = YES;
				CLANG_WARN_DIRECT_OBJC_ISA_USAGE = YES_ERROR;
				CLANG_WARN_DOCUMENTATION_COMMENTS = YES;
				CLANG_WARN_EMPTY_BODY = YES;
				CLANG_WARN_ENUM_CONVERSION = YES;
				CLANG_WARN_INFINITE_RECURSION = YES;
				CLANG_WARN_INT_CONVERSION = YES;
				CLANG_WARN_NON_LITERAL_NULL_CONVERSION = YES;
				CLANG_WARN_OBJC_IMPLICIT_RETAIN_SELF = YES;
				CLANG_WARN_OBJC_LITERAL_CONVERSION = YES;
				CLANG_WARN_OBJC_ROOT_CLASS = YES_ERROR;
				CLANG_WARN_QUOTED_INCLUDE_IN_FRAMEWORK_HEADER = YES;
				CLANG_WARN_RANGE_LOOP_ANALYSIS = YES;
				CLANG_WARN_STRICT_PROTOTYPES = YES;
				CLANG_WARN_SUSPICIOUS_MOVE = YES;
				CLANG_WARN_UNGUARDED_AVAILABILITY = YES_AGGRESSIVE;
				CLANG_WARN_UNREACHABLE_CODE = YES;
				CLANG_WARN__DUPLICATE_METHOD_MATCH = YES;
				COPY_PHASE_STRIP = NO;
				DEBUG_INFORMATION_FORMAT = dwarf;
				ENABLE_STRICT_OBJC_MSGSEND = YES;
				ENABLE_TESTABILITY = YES;
				GCC_C_LANGUAGE_STANDARD = gnu11;
				GCC_DYNAMIC_NO_PIC = NO;
				GCC_NO_COMMON_BLOCKS = YES;
				GCC_OPTIMIZATION_LEVEL = 0;
				GCC_PREPROCESSOR_DEFINITIONS = (
					"DEBUG=1",
					"$(inherited)",
				);
				GCC_WARN_64_TO_32_BIT_CONVERSION = YES;
				GCC_WARN_ABOUT_RETURN_TYPE = YES_ERROR;
				GCC_WARN_UNDECLARED_SELECTOR = YES;
				GCC_WARN_UNINITIALIZED_AUTOS = YES_AGGRESSIVE;
				GCC_WARN_UNUSED_FUNCTION = YES;
				GCC_WARN_UNUSED_VARIABLE = YES;
				IPHONEOS_DEPLOYMENT_TARGET = 15.2;
				MTL_ENABLE_DEBUG_INFO = INCLUDE_SOURCE;
				MTL_FAST_MATH = YES;
				ONLY_ACTIVE_ARCH = YES;
				SDKROOT = iphoneos;
				SWIFT_ACTIVE_COMPILATION_CONDITIONS = DEBUG;
				SWIFT_OPTIMIZATION_LEVEL = "-Onone";
			};
			name = Debug;
		};
		30079B82284D2DB1000CBD3B /* Release */ = {
			isa = XCBuildConfiguration;
			buildSettings = {
				ALWAYS_SEARCH_USER_PATHS = NO;
				CLANG_ANALYZER_NONNULL = YES;
				CLANG_ANALYZER_NUMBER_OBJECT_CONVERSION = YES_AGGRESSIVE;
				CLANG_CXX_LANGUAGE_STANDARD = "gnu++17";
				CLANG_CXX_LIBRARY = "libc++";
				CLANG_ENABLE_MODULES = YES;
				CLANG_ENABLE_OBJC_ARC = YES;
				CLANG_ENABLE_OBJC_WEAK = YES;
				CLANG_WARN_BLOCK_CAPTURE_AUTORELEASING = YES;
				CLANG_WARN_BOOL_CONVERSION = YES;
				CLANG_WARN_COMMA = YES;
				CLANG_WARN_CONSTANT_CONVERSION = YES;
				CLANG_WARN_DEPRECATED_OBJC_IMPLEMENTATIONS = YES;
				CLANG_WARN_DIRECT_OBJC_ISA_USAGE = YES_ERROR;
				CLANG_WARN_DOCUMENTATION_COMMENTS = YES;
				CLANG_WARN_EMPTY_BODY = YES;
				CLANG_WARN_ENUM_CONVERSION = YES;
				CLANG_WARN_INFINITE_RECURSION = YES;
				CLANG_WARN_INT_CONVERSION = YES;
				CLANG_WARN_NON_LITERAL_NULL_CONVERSION = YES;
				CLANG_WARN_OBJC_IMPLICIT_RETAIN_SELF = YES;
				CLANG_WARN_OBJC_LITERAL_CONVERSION = YES;
				CLANG_WARN_OBJC_ROOT_CLASS = YES_ERROR;
				CLANG_WARN_QUOTED_INCLUDE_IN_FRAMEWORK_HEADER = YES;
				CLANG_WARN_RANGE_LOOP_ANALYSIS = YES;
				CLANG_WARN_STRICT_PROTOTYPES = YES;
				CLANG_WARN_SUSPICIOUS_MOVE = YES;
				CLANG_WARN_UNGUARDED_AVAILABILITY = YES_AGGRESSIVE;
				CLANG_WARN_UNREACHABLE_CODE = YES;
				CLANG_WARN__DUPLICATE_METHOD_MATCH = YES;
				COPY_PHASE_STRIP = NO;
				DEBUG_INFORMATION_FORMAT = "dwarf-with-dsym";
				ENABLE_NS_ASSERTIONS = NO;
				ENABLE_STRICT_OBJC_MSGSEND = YES;
				GCC_C_LANGUAGE_STANDARD = gnu11;
				GCC_NO_COMMON_BLOCKS = YES;
				GCC_WARN_64_TO_32_BIT_CONVERSION = YES;
				GCC_WARN_ABOUT_RETURN_TYPE = YES_ERROR;
				GCC_WARN_UNDECLARED_SELECTOR = YES;
				GCC_WARN_UNINITIALIZED_AUTOS = YES_AGGRESSIVE;
				GCC_WARN_UNUSED_FUNCTION = YES;
				GCC_WARN_UNUSED_VARIABLE = YES;
				IPHONEOS_DEPLOYMENT_TARGET = 15.2;
				MTL_ENABLE_DEBUG_INFO = NO;
				MTL_FAST_MATH = YES;
				SDKROOT = iphoneos;
				SWIFT_COMPILATION_MODE = wholemodule;
				SWIFT_OPTIMIZATION_LEVEL = "-O";
				VALIDATE_PRODUCT = YES;
			};
			name = Release;
		};
		30079B84284D2DB1000CBD3B /* Debug */ = {
			isa = XCBuildConfiguration;
			buildSettings = {
				ASSETCATALOG_COMPILER_APPICON_NAME = AppIcon;
				ASSETCATALOG_COMPILER_GLOBAL_ACCENT_COLOR_NAME = AccentColor;
				CODE_SIGN_STYLE = Automatic;
				CURRENT_PROJECT_VERSION = 1;
				DEVELOPMENT_ASSET_PATHS = "\"suituto/Preview Content\"";
				ENABLE_PREVIEWS = YES;
				GENERATE_INFOPLIST_FILE = YES;
				INFOPLIST_KEY_UIApplicationSceneManifest_Generation = YES;
				INFOPLIST_KEY_UIApplicationSupportsIndirectInputEvents = YES;
				INFOPLIST_KEY_UILaunchScreen_Generation = YES;
				INFOPLIST_KEY_UISupportedInterfaceOrientations_iPad = "UIInterfaceOrientationPortrait UIInterfaceOrientationPortraitUpsideDown UIInterfaceOrientationLandscapeLeft UIInterfaceOrientationLandscapeRight";
				INFOPLIST_KEY_UISupportedInterfaceOrientations_iPhone = "UIInterfaceOrientationPortrait UIInterfaceOrientationLandscapeLeft UIInterfaceOrientationLandscapeRight";
				LD_RUNPATH_SEARCH_PATHS = (
					"$(inherited)",
					"@executable_path/Frameworks",
				);
				MARKETING_VERSION = 1.0;
				PRODUCT_BUNDLE_IDENTIFIER = mourodrigo.suituto;
				PRODUCT_NAME = "$(TARGET_NAME)";
				SWIFT_EMIT_LOC_STRINGS = YES;
				SWIFT_VERSION = 5.0;
				TARGETED_DEVICE_FAMILY = "1,2";
			};
			name = Debug;
		};
		30079B85284D2DB1000CBD3B /* Release */ = {
			isa = XCBuildConfiguration;
			buildSettings = {
				ASSETCATALOG_COMPILER_APPICON_NAME = AppIcon;
				ASSETCATALOG_COMPILER_GLOBAL_ACCENT_COLOR_NAME = AccentColor;
				CODE_SIGN_STYLE = Automatic;
				CURRENT_PROJECT_VERSION = 1;
				DEVELOPMENT_ASSET_PATHS = "\"suituto/Preview Content\"";
				ENABLE_PREVIEWS = YES;
				GENERATE_INFOPLIST_FILE = YES;
				INFOPLIST_KEY_UIApplicationSceneManifest_Generation = YES;
				INFOPLIST_KEY_UIApplicationSupportsIndirectInputEvents = YES;
				INFOPLIST_KEY_UILaunchScreen_Generation = YES;
				INFOPLIST_KEY_UISupportedInterfaceOrientations_iPad = "UIInterfaceOrientationPortrait UIInterfaceOrientationPortraitUpsideDown UIInterfaceOrientationLandscapeLeft UIInterfaceOrientationLandscapeRight";
				INFOPLIST_KEY_UISupportedInterfaceOrientations_iPhone = "UIInterfaceOrientationPortrait UIInterfaceOrientationLandscapeLeft UIInterfaceOrientationLandscapeRight";
				LD_RUNPATH_SEARCH_PATHS = (
					"$(inherited)",
					"@executable_path/Frameworks",
				);
				MARKETING_VERSION = 1.0;
				PRODUCT_BUNDLE_IDENTIFIER = mourodrigo.suituto;
				PRODUCT_NAME = "$(TARGET_NAME)";
				SWIFT_EMIT_LOC_STRINGS = YES;
				SWIFT_VERSION = 5.0;
				TARGETED_DEVICE_FAMILY = "1,2";
			};
			name = Release;
		};
		30079B87284D2DB1000CBD3B /* Debug */ = {
			isa = XCBuildConfiguration;
			buildSettings = {
				ALWAYS_EMBED_SWIFT_STANDARD_LIBRARIES = YES;
				BUNDLE_LOADER = "$(TEST_HOST)";
				CODE_SIGN_STYLE = Automatic;
				CURRENT_PROJECT_VERSION = 1;
				GENERATE_INFOPLIST_FILE = YES;
				IPHONEOS_DEPLOYMENT_TARGET = 15.2;
				MARKETING_VERSION = 1.0;
				PRODUCT_BUNDLE_IDENTIFIER = mourodrigo.suitutoTests;
				PRODUCT_NAME = "$(TARGET_NAME)";
				SWIFT_EMIT_LOC_STRINGS = NO;
				SWIFT_VERSION = 5.0;
				TARGETED_DEVICE_FAMILY = "1,2";
				TEST_HOST = "$(BUILT_PRODUCTS_DIR)/suituto.app/suituto";
			};
			name = Debug;
		};
		30079B88284D2DB1000CBD3B /* Release */ = {
			isa = XCBuildConfiguration;
			buildSettings = {
				ALWAYS_EMBED_SWIFT_STANDARD_LIBRARIES = YES;
				BUNDLE_LOADER = "$(TEST_HOST)";
				CODE_SIGN_STYLE = Automatic;
				CURRENT_PROJECT_VERSION = 1;
				GENERATE_INFOPLIST_FILE = YES;
				IPHONEOS_DEPLOYMENT_TARGET = 15.2;
				MARKETING_VERSION = 1.0;
				PRODUCT_BUNDLE_IDENTIFIER = mourodrigo.suitutoTests;
				PRODUCT_NAME = "$(TARGET_NAME)";
				SWIFT_EMIT_LOC_STRINGS = NO;
				SWIFT_VERSION = 5.0;
				TARGETED_DEVICE_FAMILY = "1,2";
				TEST_HOST = "$(BUILT_PRODUCTS_DIR)/suituto.app/suituto";
			};
			name = Release;
		};
		30079B8A284D2DB1000CBD3B /* Debug */ = {
			isa = XCBuildConfiguration;
			buildSettings = {
				ALWAYS_EMBED_SWIFT_STANDARD_LIBRARIES = YES;
				CODE_SIGN_STYLE = Automatic;
				CURRENT_PROJECT_VERSION = 1;
				GENERATE_INFOPLIST_FILE = YES;
				MARKETING_VERSION = 1.0;
				PRODUCT_BUNDLE_IDENTIFIER = mourodrigo.suitutoUITests;
				PRODUCT_NAME = "$(TARGET_NAME)";
				SWIFT_EMIT_LOC_STRINGS = NO;
				SWIFT_VERSION = 5.0;
				TARGETED_DEVICE_FAMILY = "1,2";
				TEST_TARGET_NAME = suituto;
			};
			name = Debug;
		};
		30079B8B284D2DB1000CBD3B /* Release */ = {
			isa = XCBuildConfiguration;
			buildSettings = {
				ALWAYS_EMBED_SWIFT_STANDARD_LIBRARIES = YES;
				CODE_SIGN_STYLE = Automatic;
				CURRENT_PROJECT_VERSION = 1;
				GENERATE_INFOPLIST_FILE = YES;
				MARKETING_VERSION = 1.0;
				PRODUCT_BUNDLE_IDENTIFIER = mourodrigo.suitutoUITests;
				PRODUCT_NAME = "$(TARGET_NAME)";
				SWIFT_EMIT_LOC_STRINGS = NO;
				SWIFT_VERSION = 5.0;
				TARGETED_DEVICE_FAMILY = "1,2";
				TEST_TARGET_NAME = suituto;
			};
			name = Release;
		};
/* End XCBuildConfiguration section */

/* Begin XCConfigurationList section */
		30079B5A284D2DAA000CBD3B /* Build configuration list for PBXProject "suituto" */ = {
			isa = XCConfigurationList;
			buildConfigurations = (
				30079B81284D2DB1000CBD3B /* Debug */,
				30079B82284D2DB1000CBD3B /* Release */,
			);
			defaultConfigurationIsVisible = 0;
			defaultConfigurationName = Release;
		};
		30079B83284D2DB1000CBD3B /* Build configuration list for PBXNativeTarget "suituto" */ = {
			isa = XCConfigurationList;
			buildConfigurations = (
				30079B84284D2DB1000CBD3B /* Debug */,
				30079B85284D2DB1000CBD3B /* Release */,
			);
			defaultConfigurationIsVisible = 0;
			defaultConfigurationName = Release;
		};
		30079B86284D2DB1000CBD3B /* Build configuration list for PBXNativeTarget "suitutoTests" */ = {
			isa = XCConfigurationList;
			buildConfigurations = (
				30079B87284D2DB1000CBD3B /* Debug */,
				30079B88284D2DB1000CBD3B /* Release */,
			);
			defaultConfigurationIsVisible = 0;
			defaultConfigurationName = Release;
		};
		30079B89284D2DB1000CBD3B /* Build configuration list for PBXNativeTarget "suitutoUITests" */ = {
			isa = XCConfigurationList;
			buildConfigurations = (
				30079B8A284D2DB1000CBD3B /* Debug */,
				30079B8B284D2DB1000CBD3B /* Release */,
			);
			defaultConfigurationIsVisible = 0;
			defaultConfigurationName = Release;
		};
/* End XCConfigurationList section */
	};
	rootObject = 30079B57284D2DAA000CBD3B /* Project object */;
}
